
Microsoft Visual Studio Solution File, Format Version 12.00
# Visual Studio 15
VisualStudioVersion = 15.0.28307.1022
MinimumVisualStudioVersion = 10.0.40219.1
Project("{8BC9CEB8-8B4A-11D0-8D11-00A0C91BC942}") = "Lib0", "Lib0\Lib0.vcxproj", "{7C60B6F5-BDD2-4943-8A9B-BD643C0D5FB8}"
EndProject
Project("{8BC9CEB8-8B4A-11D0-8D11-00A0C91BC942}") = "UsingLibDll", "UsingLibDll\UsingLibDll.vcxproj", "{37FA4DCC-1D22-4C01-8A95-356CECFAF198}"
EndProject
Project("{8BC9CEB8-8B4A-11D0-8D11-00A0C91BC942}") = "W32D", "W32D\W32D.vcxproj", "{8226D955-6833-4386-B9DD-85E620190E38}"
EndProject
Global
	GlobalSection(SolutionConfigurationPlatforms) = preSolution
		Debug|x64 = Debug|x64
		Debug|x86 = Debug|x86
		Release|x64 = Release|x64
		Release|x86 = Release|x86
	EndGlobalSection
	GlobalSection(ProjectConfigurationPlatforms) = postSolution
		{7C60B6F5-BDD2-4943-8A9B-BD643C0D5FB8}.Debug|x64.ActiveCfg = Debug|x64
		{7C60B6F5-BDD2-4943-8A9B-BD643C0D5FB8}.Debug|x64.Build.0 = Debug|x64
		{7C60B6F5-BDD2-4943-8A9B-BD643C0D5FB8}.Debug|x86.ActiveCfg = Debug|Win32
		{7C60B6F5-BDD2-4943-8A9B-BD643C0D5FB8}.Debug|x86.Build.0 = Debug|Win32
		{7C60B6F5-BDD2-4943-8A9B-BD643C0D5FB8}.Release|x64.ActiveCfg = Release|x64
		{7C60B6F5-BDD2-4943-8A9B-BD643C0D5FB8}.Release|x64.Build.0 = Release|x64
		{7C60B6F5-BDD2-4943-8A9B-BD643C0D5FB8}.Release|x86.ActiveCfg = Release|Win32
		{7C60B6F5-BDD2-4943-8A9B-BD643C0D5FB8}.Release|x86.Build.0 = Release|Win32
		{37FA4DCC-1D22-4C01-8A95-356CECFAF198}.Debug|x64.ActiveCfg = Debug|x64
		{37FA4DCC-1D22-4C01-8A95-356CECFAF198}.Debug|x64.Build.0 = Debug|x64
		{37FA4DCC-1D22-4C01-8A95-356CECFAF198}.Debug|x86.ActiveCfg = Debug|Win32
		{37FA4DCC-1D22-4C01-8A95-356CECFAF198}.Debug|x86.Build.0 = Debug|Win32
		{37FA4DCC-1D22-4C01-8A95-356CECFAF198}.Release|x64.ActiveCfg = Release|x64
		{37FA4DCC-1D22-4C01-8A95-356CECFAF198}.Release|x64.Build.0 = Release|x64
		{37FA4DCC-1D22-4C01-8A95-356CECFAF198}.Release|x86.ActiveCfg = Release|Win32
		{37FA4DCC-1D22-4C01-8A95-356CECFAF198}.Release|x86.Build.0 = Release|Win32
		{8226D955-6833-4386-B9DD-85E620190E38}.Debug|x64.ActiveCfg = Debug|x64
		{8226D955-6833-4386-B9DD-85E620190E38}.Debug|x64.Build.0 = Debug|x64
		{8226D955-6833-4386-B9DD-85E620190E38}.Debug|x86.ActiveCfg = Debug|Win32
		{8226D955-6833-4386-B9DD-85E620190E38}.Debug|x86.Build.0 = Debug|Win32
		{8226D955-6833-4386-B9DD-85E620190E38}.Release|x64.ActiveCfg = Release|x64
		{8226D955-6833-4386-B9DD-85E620190E38}.Release|x64.Build.0 = Release|x64
		{8226D955-6833-4386-B9DD-85E620190E38}.Release|x86.ActiveCfg = Release|Win32
		{8226D955-6833-4386-B9DD-85E620190E38}.Release|x86.Build.0 = Release|Win32
	EndGlobalSection
	GlobalSection(SolutionProperties) = preSolution
		HideSolutionNode = FALSE
	EndGlobalSection
	GlobalSection(ExtensibilityGlobals) = postSolution
		SolutionGuid = {E3FAA066-1364-4B10-AB18-37E50F1DA6E0}
	EndGlobalSection
EndGlobal
