
Microsoft Visual Studio Solution File, Format Version 12.00
# Visual Studio 15
VisualStudioVersion = 15.0.28307.1022
MinimumVisualStudioVersion = 10.0.40219.1
Project("{8BC9CEB8-8B4A-11D0-8D11-00A0C91BC942}") = "T2", "T2\T2.vcxproj", "{755297F4-047F-4707-9B46-A2822283CDC8}"
EndProject
Global
	GlobalSection(SolutionConfigurationPlatforms) = preSolution
		Debug|x64 = Debug|x64
		Debug|x86 = Debug|x86
		Release|x64 = Release|x64
		Release|x86 = Release|x86
	EndGlobalSection
	GlobalSection(ProjectConfigurationPlatforms) = postSolution
		{755297F4-047F-4707-9B46-A2822283CDC8}.Debug|x64.ActiveCfg = Debug|x64
		{755297F4-047F-4707-9B46-A2822283CDC8}.Debug|x64.Build.0 = Debug|x64
		{755297F4-047F-4707-9B46-A2822283CDC8}.Debug|x86.ActiveCfg = Debug|Win32
		{755297F4-047F-4707-9B46-A2822283CDC8}.Debug|x86.Build.0 = Debug|Win32
		{755297F4-047F-4707-9B46-A2822283CDC8}.Release|x64.ActiveCfg = Release|x64
		{755297F4-047F-4707-9B46-A2822283CDC8}.Release|x64.Build.0 = Release|x64
		{755297F4-047F-4707-9B46-A2822283CDC8}.Release|x86.ActiveCfg = Release|Win32
		{755297F4-047F-4707-9B46-A2822283CDC8}.Release|x86.Build.0 = Release|Win32
	EndGlobalSection
	GlobalSection(SolutionProperties) = preSolution
		HideSolutionNode = FALSE
	EndGlobalSection
	GlobalSection(ExtensibilityGlobals) = postSolution
		SolutionGuid = {02C85AF1-FCD2-4236-B3AC-058ED98BF5D0}
	EndGlobalSection
EndGlobal
