
Microsoft Visual Studio Solution File, Format Version 12.00
# Visual Studio 15
VisualStudioVersion = 15.0.28307.1022
MinimumVisualStudioVersion = 10.0.40219.1
Project("{8BC9CEB8-8B4A-11D0-8D11-00A0C91BC942}") = "date0324T3", "date0324T3\date0324T3.vcxproj", "{F600AB78-B8A3-45C1-AF5F-80E9D54C28DA}"
EndProject
Global
	GlobalSection(SolutionConfigurationPlatforms) = preSolution
		Debug|x64 = Debug|x64
		Debug|x86 = Debug|x86
		Release|x64 = Release|x64
		Release|x86 = Release|x86
	EndGlobalSection
	GlobalSection(ProjectConfigurationPlatforms) = postSolution
		{F600AB78-B8A3-45C1-AF5F-80E9D54C28DA}.Debug|x64.ActiveCfg = Debug|x64
		{F600AB78-B8A3-45C1-AF5F-80E9D54C28DA}.Debug|x64.Build.0 = Debug|x64
		{F600AB78-B8A3-45C1-AF5F-80E9D54C28DA}.Debug|x86.ActiveCfg = Debug|Win32
		{F600AB78-B8A3-45C1-AF5F-80E9D54C28DA}.Debug|x86.Build.0 = Debug|Win32
		{F600AB78-B8A3-45C1-AF5F-80E9D54C28DA}.Release|x64.ActiveCfg = Release|x64
		{F600AB78-B8A3-45C1-AF5F-80E9D54C28DA}.Release|x64.Build.0 = Release|x64
		{F600AB78-B8A3-45C1-AF5F-80E9D54C28DA}.Release|x86.ActiveCfg = Release|Win32
		{F600AB78-B8A3-45C1-AF5F-80E9D54C28DA}.Release|x86.Build.0 = Release|Win32
	EndGlobalSection
	GlobalSection(SolutionProperties) = preSolution
		HideSolutionNode = FALSE
	EndGlobalSection
	GlobalSection(ExtensibilityGlobals) = postSolution
		SolutionGuid = {F4221B3B-9095-4EAD-A8F7-7A8D33EC410C}
	EndGlobalSection
EndGlobal
